
Microsoft Visual Studio Solution File, Format Version 12.00
# Visual Studio 15
VisualStudioVersion = 15.0.28307.852
MinimumVisualStudioVersion = 10.0.40219.1
Project("{8BC9CEB8-8B4A-11D0-8D11-00A0C91BC942}") = "Dlib_Cam", "Dlib_Cam\Dlib_Cam.vcxproj", "{72718C10-4198-4337-81B3-F62B9691C91B}"
EndProject
Project("{2150E333-8FDC-42A3-9474-1A3956D46DE8}") = "Libs", "Libs", "{1AB56066-28BA-4C18-8B87-BD8AC47A4AA2}"
EndProject
Project("{8BC9CEB8-8B4A-11D0-8D11-00A0C91BC942}") = "Dlib_Basic", "Dlib_Basic\Dlib_Basic.vcxproj", "{8AA11004-664A-4600-AE12-245FAFC861A2}"
EndProject
Project("{8BC9CEB8-8B4A-11D0-8D11-00A0C91BC942}") = "Dlib_CvExt", "Dlib_CvExt\Dlib_CvExt.vcxproj", "{66AD256D-1135-44DB-B614-60BDCA4BFA72}"
EndProject
Project("{8BC9CEB8-8B4A-11D0-8D11-00A0C91BC942}") = "Dlib_Pattern", "Dlib_Pattern\Dlib_Pattern.vcxproj", "{DE752438-6B75-4ECA-9AAC-91B3B6EB0563}"
EndProject
Project("{8BC9CEB8-8B4A-11D0-8D11-00A0C91BC942}") = "DlibTest_Cam", "DlibTest_Cam\DlibTest_Cam.vcxproj", "{0F8C3454-8853-4536-BA99-A2A1B1C947F7}"
EndProject
Project("{8BC9CEB8-8B4A-11D0-8D11-00A0C91BC942}") = "DlibTest_Pattern", "DlibTest_Pattern\DlibTest_Pattern.vcxproj", "{3ADD44AF-25E7-4E8D-BC0B-8E48FACF0D9E}"
EndProject
Project("{2150E333-8FDC-42A3-9474-1A3956D46DE8}") = "Test", "Test", "{77D5904F-D374-4196-9A18-A9A1BF640014}"
EndProject
Project("{8BC9CEB8-8B4A-11D0-8D11-00A0C91BC942}") = "DlibTest_CvExt", "DlibTest_CvExt\DlibTest_CvExt.vcxproj", "{8C792E12-388A-4AC6-86E3-8D0601034EC4}"
EndProject
Project("{2150E333-8FDC-42A3-9474-1A3956D46DE8}") = "External", "External", "{FCFD7901-DAC2-4D22-B313-C492813A9D89}"
EndProject
Project("{8BC9CEB8-8B4A-11D0-8D11-00A0C91BC942}") = "Dlib_CvCam", "External\Dlib_CvCam\Dlib_CvCam.vcxproj", "{1CC8FD03-19DD-4BD3-B238-6C209647D67B}"
EndProject
Project("{8BC9CEB8-8B4A-11D0-8D11-00A0C91BC942}") = "Dlib_SpinnakerCam", "External\Dlib_SpinnakerCam\Dlib_SpinnakerCam.vcxproj", "{5CE8F5B4-A13A-4493-8D5C-22652B7F9BF9}"
EndProject
Project("{8BC9CEB8-8B4A-11D0-8D11-00A0C91BC942}") = "Dlib_All", "Dlib_All\Dlib_All.vcxproj", "{9964F6FB-7F4B-4C87-9717-8C484BCBE1E2}"
EndProject
Project("{8BC9CEB8-8B4A-11D0-8D11-00A0C91BC942}") = "Install", "Install\Install.vcxproj", "{C3EBDF38-06F0-4C99-A3B7-5EC6111F2D09}"
EndProject
Project("{8BC9CEB8-8B4A-11D0-8D11-00A0C91BC942}") = "UDlib_Cam", "Unity\UDlib_Cam\UDlib_Cam.vcxproj", "{598C101F-47B2-40F5-86E8-9A791C8BE15A}"
EndProject
Project("{2150E333-8FDC-42A3-9474-1A3956D46DE8}") = "UDlib", "UDlib", "{1ADE9804-821E-4AD2-BF48-1DAE19B3A49C}"
EndProject
Project("{8BC9CEB8-8B4A-11D0-8D11-00A0C91BC942}") = "UDlib_Core", "Unity\UDlib_Core\UDlib_Core.vcxproj", "{C91505BA-B867-44F6-B6B0-CE79C6C1AFC2}"
EndProject
Project("{8BC9CEB8-8B4A-11D0-8D11-00A0C91BC942}") = "UDlib_Test", "Unity\UDlib_Test\UDlib_Test.vcxproj", "{B37B4601-6F1E-44E0-8930-5D7EDD372346}"
EndProject
Project("{8BC9CEB8-8B4A-11D0-8D11-00A0C91BC942}") = "Dlib_Unity", "Dlib_Unity\Dlib_Unity.vcxproj", "{CB0EE714-A2AC-48F5-818F-D2168BE69AD1}"
EndProject
Project("{8BC9CEB8-8B4A-11D0-8D11-00A0C91BC942}") = "UDlib_Pattern", "Unity\UDlib_Pattern\UDlib_Pattern.vcxproj", "{2EDE80BF-287C-4684-8523-C0D425BDA2EE}"
EndProject
Project("{8BC9CEB8-8B4A-11D0-8D11-00A0C91BC942}") = "UDlib_Cv", "Unity\UDlib_Cv\UDlib_Cv.vcxproj", "{3972C746-59D5-40B1-96C1-745878AF68A9}"
EndProject
Project("{8BC9CEB8-8B4A-11D0-8D11-00A0C91BC942}") = "Run_Unity", "Unity\Run_Unity\Run_Unity.vcxproj", "{9624432F-14CB-4FFC-B3A2-098DFD20AE09}"
EndProject
Global
	GlobalSection(SolutionConfigurationPlatforms) = preSolution
		Debug|Any CPU = Debug|Any CPU
		Debug|x64 = Debug|x64
		Debug|x86 = Debug|x86
		Release|Any CPU = Release|Any CPU
		Release|x64 = Release|x64
		Release|x86 = Release|x86
	EndGlobalSection
	GlobalSection(ProjectConfigurationPlatforms) = postSolution
		{72718C10-4198-4337-81B3-F62B9691C91B}.Debug|Any CPU.ActiveCfg = Debug|Win32
		{72718C10-4198-4337-81B3-F62B9691C91B}.Debug|x64.ActiveCfg = Debug|x64
		{72718C10-4198-4337-81B3-F62B9691C91B}.Debug|x64.Build.0 = Debug|x64
		{72718C10-4198-4337-81B3-F62B9691C91B}.Debug|x86.ActiveCfg = Debug|Win32
		{72718C10-4198-4337-81B3-F62B9691C91B}.Debug|x86.Build.0 = Debug|Win32
		{72718C10-4198-4337-81B3-F62B9691C91B}.Release|Any CPU.ActiveCfg = Release|Win32
		{72718C10-4198-4337-81B3-F62B9691C91B}.Release|x64.ActiveCfg = Release|x64
		{72718C10-4198-4337-81B3-F62B9691C91B}.Release|x64.Build.0 = Release|x64
		{72718C10-4198-4337-81B3-F62B9691C91B}.Release|x86.ActiveCfg = Release|Win32
		{72718C10-4198-4337-81B3-F62B9691C91B}.Release|x86.Build.0 = Release|Win32
		{8AA11004-664A-4600-AE12-245FAFC861A2}.Debug|Any CPU.ActiveCfg = Debug|Win32
		{8AA11004-664A-4600-AE12-245FAFC861A2}.Debug|x64.ActiveCfg = Debug|x64
		{8AA11004-664A-4600-AE12-245FAFC861A2}.Debug|x64.Build.0 = Debug|x64
		{8AA11004-664A-4600-AE12-245FAFC861A2}.Debug|x86.ActiveCfg = Debug|Win32
		{8AA11004-664A-4600-AE12-245FAFC861A2}.Debug|x86.Build.0 = Debug|Win32
		{8AA11004-664A-4600-AE12-245FAFC861A2}.Release|Any CPU.ActiveCfg = Release|Win32
		{8AA11004-664A-4600-AE12-245FAFC861A2}.Release|x64.ActiveCfg = Release|x64
		{8AA11004-664A-4600-AE12-245FAFC861A2}.Release|x64.Build.0 = Release|x64
		{8AA11004-664A-4600-AE12-245FAFC861A2}.Release|x86.ActiveCfg = Release|Win32
		{8AA11004-664A-4600-AE12-245FAFC861A2}.Release|x86.Build.0 = Release|Win32
		{66AD256D-1135-44DB-B614-60BDCA4BFA72}.Debug|Any CPU.ActiveCfg = Debug|Win32
		{66AD256D-1135-44DB-B614-60BDCA4BFA72}.Debug|x64.ActiveCfg = Debug|x64
		{66AD256D-1135-44DB-B614-60BDCA4BFA72}.Debug|x64.Build.0 = Debug|x64
		{66AD256D-1135-44DB-B614-60BDCA4BFA72}.Debug|x86.ActiveCfg = Debug|Win32
		{66AD256D-1135-44DB-B614-60BDCA4BFA72}.Debug|x86.Build.0 = Debug|Win32
		{66AD256D-1135-44DB-B614-60BDCA4BFA72}.Release|Any CPU.ActiveCfg = Release|Win32
		{66AD256D-1135-44DB-B614-60BDCA4BFA72}.Release|x64.ActiveCfg = Release|x64
		{66AD256D-1135-44DB-B614-60BDCA4BFA72}.Release|x64.Build.0 = Release|x64
		{66AD256D-1135-44DB-B614-60BDCA4BFA72}.Release|x86.ActiveCfg = Release|Win32
		{66AD256D-1135-44DB-B614-60BDCA4BFA72}.Release|x86.Build.0 = Release|Win32
		{DE752438-6B75-4ECA-9AAC-91B3B6EB0563}.Debug|Any CPU.ActiveCfg = Debug|Win32
		{DE752438-6B75-4ECA-9AAC-91B3B6EB0563}.Debug|x64.ActiveCfg = Debug|x64
		{DE752438-6B75-4ECA-9AAC-91B3B6EB0563}.Debug|x64.Build.0 = Debug|x64
		{DE752438-6B75-4ECA-9AAC-91B3B6EB0563}.Debug|x86.ActiveCfg = Debug|Win32
		{DE752438-6B75-4ECA-9AAC-91B3B6EB0563}.Debug|x86.Build.0 = Debug|Win32
		{DE752438-6B75-4ECA-9AAC-91B3B6EB0563}.Release|Any CPU.ActiveCfg = Release|Win32
		{DE752438-6B75-4ECA-9AAC-91B3B6EB0563}.Release|x64.ActiveCfg = Release|x64
		{DE752438-6B75-4ECA-9AAC-91B3B6EB0563}.Release|x64.Build.0 = Release|x64
		{DE752438-6B75-4ECA-9AAC-91B3B6EB0563}.Release|x86.ActiveCfg = Release|Win32
		{DE752438-6B75-4ECA-9AAC-91B3B6EB0563}.Release|x86.Build.0 = Release|Win32
		{0F8C3454-8853-4536-BA99-A2A1B1C947F7}.Debug|Any CPU.ActiveCfg = Debug|Win32
		{0F8C3454-8853-4536-BA99-A2A1B1C947F7}.Debug|x64.ActiveCfg = Debug|x64
		{0F8C3454-8853-4536-BA99-A2A1B1C947F7}.Debug|x64.Build.0 = Debug|x64
		{0F8C3454-8853-4536-BA99-A2A1B1C947F7}.Debug|x86.ActiveCfg = Debug|Win32
		{0F8C3454-8853-4536-BA99-A2A1B1C947F7}.Debug|x86.Build.0 = Debug|Win32
		{0F8C3454-8853-4536-BA99-A2A1B1C947F7}.Release|Any CPU.ActiveCfg = Release|Win32
		{0F8C3454-8853-4536-BA99-A2A1B1C947F7}.Release|x64.ActiveCfg = Release|x64
		{0F8C3454-8853-4536-BA99-A2A1B1C947F7}.Release|x64.Build.0 = Release|x64
		{0F8C3454-8853-4536-BA99-A2A1B1C947F7}.Release|x86.ActiveCfg = Release|Win32
		{0F8C3454-8853-4536-BA99-A2A1B1C947F7}.Release|x86.Build.0 = Release|Win32
		{3ADD44AF-25E7-4E8D-BC0B-8E48FACF0D9E}.Debug|Any CPU.ActiveCfg = Debug|Win32
		{3ADD44AF-25E7-4E8D-BC0B-8E48FACF0D9E}.Debug|x64.ActiveCfg = Debug|x64
		{3ADD44AF-25E7-4E8D-BC0B-8E48FACF0D9E}.Debug|x64.Build.0 = Debug|x64
		{3ADD44AF-25E7-4E8D-BC0B-8E48FACF0D9E}.Debug|x86.ActiveCfg = Debug|Win32
		{3ADD44AF-25E7-4E8D-BC0B-8E48FACF0D9E}.Debug|x86.Build.0 = Debug|Win32
		{3ADD44AF-25E7-4E8D-BC0B-8E48FACF0D9E}.Release|Any CPU.ActiveCfg = Release|Win32
		{3ADD44AF-25E7-4E8D-BC0B-8E48FACF0D9E}.Release|x64.ActiveCfg = Release|x64
		{3ADD44AF-25E7-4E8D-BC0B-8E48FACF0D9E}.Release|x64.Build.0 = Release|x64
		{3ADD44AF-25E7-4E8D-BC0B-8E48FACF0D9E}.Release|x86.ActiveCfg = Release|Win32
		{3ADD44AF-25E7-4E8D-BC0B-8E48FACF0D9E}.Release|x86.Build.0 = Release|Win32
		{8C792E12-388A-4AC6-86E3-8D0601034EC4}.Debug|Any CPU.ActiveCfg = Debug|Win32
		{8C792E12-388A-4AC6-86E3-8D0601034EC4}.Debug|x64.ActiveCfg = Debug|x64
		{8C792E12-388A-4AC6-86E3-8D0601034EC4}.Debug|x64.Build.0 = Debug|x64
		{8C792E12-388A-4AC6-86E3-8D0601034EC4}.Debug|x86.ActiveCfg = Debug|Win32
		{8C792E12-388A-4AC6-86E3-8D0601034EC4}.Debug|x86.Build.0 = Debug|Win32
		{8C792E12-388A-4AC6-86E3-8D0601034EC4}.Release|Any CPU.ActiveCfg = Release|Win32
		{8C792E12-388A-4AC6-86E3-8D0601034EC4}.Release|x64.ActiveCfg = Release|x64
		{8C792E12-388A-4AC6-86E3-8D0601034EC4}.Release|x64.Build.0 = Release|x64
		{8C792E12-388A-4AC6-86E3-8D0601034EC4}.Release|x86.ActiveCfg = Release|Win32
		{8C792E12-388A-4AC6-86E3-8D0601034EC4}.Release|x86.Build.0 = Release|Win32
		{1CC8FD03-19DD-4BD3-B238-6C209647D67B}.Debug|Any CPU.ActiveCfg = Debug|Win32
		{1CC8FD03-19DD-4BD3-B238-6C209647D67B}.Debug|x64.ActiveCfg = Debug|x64
		{1CC8FD03-19DD-4BD3-B238-6C209647D67B}.Debug|x64.Build.0 = Debug|x64
		{1CC8FD03-19DD-4BD3-B238-6C209647D67B}.Debug|x86.ActiveCfg = Debug|Win32
		{1CC8FD03-19DD-4BD3-B238-6C209647D67B}.Debug|x86.Build.0 = Debug|Win32
		{1CC8FD03-19DD-4BD3-B238-6C209647D67B}.Release|Any CPU.ActiveCfg = Release|Win32
		{1CC8FD03-19DD-4BD3-B238-6C209647D67B}.Release|x64.ActiveCfg = Release|x64
		{1CC8FD03-19DD-4BD3-B238-6C209647D67B}.Release|x64.Build.0 = Release|x64
		{1CC8FD03-19DD-4BD3-B238-6C209647D67B}.Release|x86.ActiveCfg = Release|Win32
		{1CC8FD03-19DD-4BD3-B238-6C209647D67B}.Release|x86.Build.0 = Release|Win32
		{5CE8F5B4-A13A-4493-8D5C-22652B7F9BF9}.Debug|Any CPU.ActiveCfg = Debug|Win32
		{5CE8F5B4-A13A-4493-8D5C-22652B7F9BF9}.Debug|x64.ActiveCfg = Debug|x64
		{5CE8F5B4-A13A-4493-8D5C-22652B7F9BF9}.Debug|x64.Build.0 = Debug|x64
		{5CE8F5B4-A13A-4493-8D5C-22652B7F9BF9}.Debug|x86.ActiveCfg = Debug|Win32
		{5CE8F5B4-A13A-4493-8D5C-22652B7F9BF9}.Debug|x86.Build.0 = Debug|Win32
		{5CE8F5B4-A13A-4493-8D5C-22652B7F9BF9}.Release|Any CPU.ActiveCfg = Release|Win32
		{5CE8F5B4-A13A-4493-8D5C-22652B7F9BF9}.Release|x64.ActiveCfg = Release|x64
		{5CE8F5B4-A13A-4493-8D5C-22652B7F9BF9}.Release|x64.Build.0 = Release|x64
		{5CE8F5B4-A13A-4493-8D5C-22652B7F9BF9}.Release|x86.ActiveCfg = Release|Win32
		{5CE8F5B4-A13A-4493-8D5C-22652B7F9BF9}.Release|x86.Build.0 = Release|Win32
		{9964F6FB-7F4B-4C87-9717-8C484BCBE1E2}.Debug|Any CPU.ActiveCfg = Debug|Win32
		{9964F6FB-7F4B-4C87-9717-8C484BCBE1E2}.Debug|x64.ActiveCfg = Debug|x64
		{9964F6FB-7F4B-4C87-9717-8C484BCBE1E2}.Debug|x64.Build.0 = Debug|x64
		{9964F6FB-7F4B-4C87-9717-8C484BCBE1E2}.Debug|x86.ActiveCfg = Debug|Win32
		{9964F6FB-7F4B-4C87-9717-8C484BCBE1E2}.Debug|x86.Build.0 = Debug|Win32
		{9964F6FB-7F4B-4C87-9717-8C484BCBE1E2}.Release|Any CPU.ActiveCfg = Release|Win32
		{9964F6FB-7F4B-4C87-9717-8C484BCBE1E2}.Release|x64.ActiveCfg = Release|x64
		{9964F6FB-7F4B-4C87-9717-8C484BCBE1E2}.Release|x64.Build.0 = Release|x64
		{9964F6FB-7F4B-4C87-9717-8C484BCBE1E2}.Release|x86.ActiveCfg = Release|Win32
		{9964F6FB-7F4B-4C87-9717-8C484BCBE1E2}.Release|x86.Build.0 = Release|Win32
		{C3EBDF38-06F0-4C99-A3B7-5EC6111F2D09}.Debug|Any CPU.ActiveCfg = Debug|Win32
		{C3EBDF38-06F0-4C99-A3B7-5EC6111F2D09}.Debug|x64.ActiveCfg = Debug|x64
		{C3EBDF38-06F0-4C99-A3B7-5EC6111F2D09}.Debug|x64.Build.0 = Debug|x64
		{C3EBDF38-06F0-4C99-A3B7-5EC6111F2D09}.Debug|x86.ActiveCfg = Debug|Win32
		{C3EBDF38-06F0-4C99-A3B7-5EC6111F2D09}.Debug|x86.Build.0 = Debug|Win32
		{C3EBDF38-06F0-4C99-A3B7-5EC6111F2D09}.Release|Any CPU.ActiveCfg = Release|Win32
		{C3EBDF38-06F0-4C99-A3B7-5EC6111F2D09}.Release|x64.ActiveCfg = Release|x64
		{C3EBDF38-06F0-4C99-A3B7-5EC6111F2D09}.Release|x64.Build.0 = Release|x64
		{C3EBDF38-06F0-4C99-A3B7-5EC6111F2D09}.Release|x86.ActiveCfg = Release|Win32
		{C3EBDF38-06F0-4C99-A3B7-5EC6111F2D09}.Release|x86.Build.0 = Release|Win32
		{598C101F-47B2-40F5-86E8-9A791C8BE15A}.Debug|Any CPU.ActiveCfg = Debug|Win32
		{598C101F-47B2-40F5-86E8-9A791C8BE15A}.Debug|x64.ActiveCfg = Debug|x64
		{598C101F-47B2-40F5-86E8-9A791C8BE15A}.Debug|x64.Build.0 = Debug|x64
		{598C101F-47B2-40F5-86E8-9A791C8BE15A}.Debug|x86.ActiveCfg = Debug|Win32
		{598C101F-47B2-40F5-86E8-9A791C8BE15A}.Debug|x86.Build.0 = Debug|Win32
		{598C101F-47B2-40F5-86E8-9A791C8BE15A}.Release|Any CPU.ActiveCfg = Release|Win32
		{598C101F-47B2-40F5-86E8-9A791C8BE15A}.Release|x64.ActiveCfg = Release|x64
		{598C101F-47B2-40F5-86E8-9A791C8BE15A}.Release|x64.Build.0 = Release|x64
		{598C101F-47B2-40F5-86E8-9A791C8BE15A}.Release|x86.ActiveCfg = Release|Win32
		{598C101F-47B2-40F5-86E8-9A791C8BE15A}.Release|x86.Build.0 = Release|Win32
		{C91505BA-B867-44F6-B6B0-CE79C6C1AFC2}.Debug|Any CPU.ActiveCfg = Debug|Win32
		{C91505BA-B867-44F6-B6B0-CE79C6C1AFC2}.Debug|x64.ActiveCfg = Debug|x64
		{C91505BA-B867-44F6-B6B0-CE79C6C1AFC2}.Debug|x64.Build.0 = Debug|x64
		{C91505BA-B867-44F6-B6B0-CE79C6C1AFC2}.Debug|x86.ActiveCfg = Debug|Win32
		{C91505BA-B867-44F6-B6B0-CE79C6C1AFC2}.Debug|x86.Build.0 = Debug|Win32
		{C91505BA-B867-44F6-B6B0-CE79C6C1AFC2}.Release|Any CPU.ActiveCfg = Release|Win32
		{C91505BA-B867-44F6-B6B0-CE79C6C1AFC2}.Release|x64.ActiveCfg = Release|x64
		{C91505BA-B867-44F6-B6B0-CE79C6C1AFC2}.Release|x64.Build.0 = Release|x64
		{C91505BA-B867-44F6-B6B0-CE79C6C1AFC2}.Release|x86.ActiveCfg = Release|Win32
		{C91505BA-B867-44F6-B6B0-CE79C6C1AFC2}.Release|x86.Build.0 = Release|Win32
		{B37B4601-6F1E-44E0-8930-5D7EDD372346}.Debug|Any CPU.ActiveCfg = Debug|Win32
		{B37B4601-6F1E-44E0-8930-5D7EDD372346}.Debug|x64.ActiveCfg = Debug|x64
		{B37B4601-6F1E-44E0-8930-5D7EDD372346}.Debug|x64.Build.0 = Debug|x64
		{B37B4601-6F1E-44E0-8930-5D7EDD372346}.Debug|x86.ActiveCfg = Debug|Win32
		{B37B4601-6F1E-44E0-8930-5D7EDD372346}.Debug|x86.Build.0 = Debug|Win32
		{B37B4601-6F1E-44E0-8930-5D7EDD372346}.Release|Any CPU.ActiveCfg = Release|Win32
		{B37B4601-6F1E-44E0-8930-5D7EDD372346}.Release|x64.ActiveCfg = Release|x64
		{B37B4601-6F1E-44E0-8930-5D7EDD372346}.Release|x64.Build.0 = Release|x64
		{B37B4601-6F1E-44E0-8930-5D7EDD372346}.Release|x86.ActiveCfg = Release|Win32
		{B37B4601-6F1E-44E0-8930-5D7EDD372346}.Release|x86.Build.0 = Release|Win32
		{CB0EE714-A2AC-48F5-818F-D2168BE69AD1}.Debug|Any CPU.ActiveCfg = Debug|Win32
		{CB0EE714-A2AC-48F5-818F-D2168BE69AD1}.Debug|x64.ActiveCfg = Debug|x64
		{CB0EE714-A2AC-48F5-818F-D2168BE69AD1}.Debug|x64.Build.0 = Debug|x64
		{CB0EE714-A2AC-48F5-818F-D2168BE69AD1}.Debug|x86.ActiveCfg = Debug|Win32
		{CB0EE714-A2AC-48F5-818F-D2168BE69AD1}.Debug|x86.Build.0 = Debug|Win32
		{CB0EE714-A2AC-48F5-818F-D2168BE69AD1}.Release|Any CPU.ActiveCfg = Release|Win32
		{CB0EE714-A2AC-48F5-818F-D2168BE69AD1}.Release|x64.ActiveCfg = Release|x64
		{CB0EE714-A2AC-48F5-818F-D2168BE69AD1}.Release|x64.Build.0 = Release|x64
		{CB0EE714-A2AC-48F5-818F-D2168BE69AD1}.Release|x86.ActiveCfg = Release|Win32
		{CB0EE714-A2AC-48F5-818F-D2168BE69AD1}.Release|x86.Build.0 = Release|Win32
		{2EDE80BF-287C-4684-8523-C0D425BDA2EE}.Debug|Any CPU.ActiveCfg = Debug|Win32
		{2EDE80BF-287C-4684-8523-C0D425BDA2EE}.Debug|x64.ActiveCfg = Debug|x64
		{2EDE80BF-287C-4684-8523-C0D425BDA2EE}.Debug|x64.Build.0 = Debug|x64
		{2EDE80BF-287C-4684-8523-C0D425BDA2EE}.Debug|x86.ActiveCfg = Debug|Win32
		{2EDE80BF-287C-4684-8523-C0D425BDA2EE}.Debug|x86.Build.0 = Debug|Win32
		{2EDE80BF-287C-4684-8523-C0D425BDA2EE}.Release|Any CPU.ActiveCfg = Release|Win32
		{2EDE80BF-287C-4684-8523-C0D425BDA2EE}.Release|x64.ActiveCfg = Release|x64
		{2EDE80BF-287C-4684-8523-C0D425BDA2EE}.Release|x64.Build.0 = Release|x64
		{2EDE80BF-287C-4684-8523-C0D425BDA2EE}.Release|x86.ActiveCfg = Release|Win32
		{2EDE80BF-287C-4684-8523-C0D425BDA2EE}.Release|x86.Build.0 = Release|Win32
		{3972C746-59D5-40B1-96C1-745878AF68A9}.Debug|Any CPU.ActiveCfg = Debug|Win32
		{3972C746-59D5-40B1-96C1-745878AF68A9}.Debug|x64.ActiveCfg = Debug|x64
		{3972C746-59D5-40B1-96C1-745878AF68A9}.Debug|x64.Build.0 = Debug|x64
		{3972C746-59D5-40B1-96C1-745878AF68A9}.Debug|x86.ActiveCfg = Debug|Win32
		{3972C746-59D5-40B1-96C1-745878AF68A9}.Debug|x86.Build.0 = Debug|Win32
		{3972C746-59D5-40B1-96C1-745878AF68A9}.Release|Any CPU.ActiveCfg = Release|Win32
		{3972C746-59D5-40B1-96C1-745878AF68A9}.Release|x64.ActiveCfg = Release|x64
		{3972C746-59D5-40B1-96C1-745878AF68A9}.Release|x64.Build.0 = Release|x64
		{3972C746-59D5-40B1-96C1-745878AF68A9}.Release|x86.ActiveCfg = Release|Win32
		{3972C746-59D5-40B1-96C1-745878AF68A9}.Release|x86.Build.0 = Release|Win32
		{9624432F-14CB-4FFC-B3A2-098DFD20AE09}.Debug|Any CPU.ActiveCfg = Debug|Win32
		{9624432F-14CB-4FFC-B3A2-098DFD20AE09}.Debug|x64.ActiveCfg = Debug|x64
		{9624432F-14CB-4FFC-B3A2-098DFD20AE09}.Debug|x64.Build.0 = Debug|x64
		{9624432F-14CB-4FFC-B3A2-098DFD20AE09}.Debug|x86.ActiveCfg = Debug|Win32
		{9624432F-14CB-4FFC-B3A2-098DFD20AE09}.Debug|x86.Build.0 = Debug|Win32
		{9624432F-14CB-4FFC-B3A2-098DFD20AE09}.Release|Any CPU.ActiveCfg = Release|Win32
		{9624432F-14CB-4FFC-B3A2-098DFD20AE09}.Release|x64.ActiveCfg = Release|x64
		{9624432F-14CB-4FFC-B3A2-098DFD20AE09}.Release|x64.Build.0 = Release|x64
		{9624432F-14CB-4FFC-B3A2-098DFD20AE09}.Release|x86.ActiveCfg = Release|Win32
		{9624432F-14CB-4FFC-B3A2-098DFD20AE09}.Release|x86.Build.0 = Release|Win32
	EndGlobalSection
	GlobalSection(SolutionProperties) = preSolution
		HideSolutionNode = FALSE
	EndGlobalSection
	GlobalSection(NestedProjects) = preSolution
		{72718C10-4198-4337-81B3-F62B9691C91B} = {1AB56066-28BA-4C18-8B87-BD8AC47A4AA2}
		{8AA11004-664A-4600-AE12-245FAFC861A2} = {1AB56066-28BA-4C18-8B87-BD8AC47A4AA2}
		{66AD256D-1135-44DB-B614-60BDCA4BFA72} = {1AB56066-28BA-4C18-8B87-BD8AC47A4AA2}
		{DE752438-6B75-4ECA-9AAC-91B3B6EB0563} = {1AB56066-28BA-4C18-8B87-BD8AC47A4AA2}
		{0F8C3454-8853-4536-BA99-A2A1B1C947F7} = {77D5904F-D374-4196-9A18-A9A1BF640014}
		{3ADD44AF-25E7-4E8D-BC0B-8E48FACF0D9E} = {77D5904F-D374-4196-9A18-A9A1BF640014}
		{8C792E12-388A-4AC6-86E3-8D0601034EC4} = {77D5904F-D374-4196-9A18-A9A1BF640014}
		{FCFD7901-DAC2-4D22-B313-C492813A9D89} = {1AB56066-28BA-4C18-8B87-BD8AC47A4AA2}
		{1CC8FD03-19DD-4BD3-B238-6C209647D67B} = {FCFD7901-DAC2-4D22-B313-C492813A9D89}
		{5CE8F5B4-A13A-4493-8D5C-22652B7F9BF9} = {FCFD7901-DAC2-4D22-B313-C492813A9D89}
		{9964F6FB-7F4B-4C87-9717-8C484BCBE1E2} = {1AB56066-28BA-4C18-8B87-BD8AC47A4AA2}
		{C3EBDF38-06F0-4C99-A3B7-5EC6111F2D09} = {1AB56066-28BA-4C18-8B87-BD8AC47A4AA2}
		{598C101F-47B2-40F5-86E8-9A791C8BE15A} = {1ADE9804-821E-4AD2-BF48-1DAE19B3A49C}
		{C91505BA-B867-44F6-B6B0-CE79C6C1AFC2} = {1ADE9804-821E-4AD2-BF48-1DAE19B3A49C}
		{B37B4601-6F1E-44E0-8930-5D7EDD372346} = {77D5904F-D374-4196-9A18-A9A1BF640014}
		{CB0EE714-A2AC-48F5-818F-D2168BE69AD1} = {1AB56066-28BA-4C18-8B87-BD8AC47A4AA2}
		{2EDE80BF-287C-4684-8523-C0D425BDA2EE} = {1ADE9804-821E-4AD2-BF48-1DAE19B3A49C}
		{3972C746-59D5-40B1-96C1-745878AF68A9} = {1ADE9804-821E-4AD2-BF48-1DAE19B3A49C}
		{9624432F-14CB-4FFC-B3A2-098DFD20AE09} = {1ADE9804-821E-4AD2-BF48-1DAE19B3A49C}
	EndGlobalSection
	GlobalSection(ExtensibilityGlobals) = postSolution
		SolutionGuid = {34EE32F0-CD48-486A-83DE-3A99F84D068D}
	EndGlobalSection
EndGlobal
