<?xml version="1.0" encoding="utf-8"?>
<Project ToolsVersion="4.0" xmlns="http://schemas.microsoft.com/developer/msbuild/2003">
  <ItemGroup>
    <Filter Include="源文件">
      <UniqueIdentifier>{4FC737F1-C7A5-4376-A066-2A32D752A2FF}</UniqueIdentifier>
      <Extensions>cpp;c;cc;cxx;def;odl;idl;hpj;bat;asm;asmx</Extensions>
    </Filter>
    <Filter Include="头文件">
      <UniqueIdentifier>{93995380-89BD-4b04-88EB-625FBE52EBFB}</UniqueIdentifier>
      <Extensions>h;hh;hpp;hxx;hm;inl;inc;ipp;xsd</Extensions>
    </Filter>
    <Filter Include="资源文件">
      <UniqueIdentifier>{67DA6AB6-F800-4c08-8B7A-83BB121AAD01}</UniqueIdentifier>
      <Extensions>rc;ico;cur;bmp;dlg;rc2;rct;bin;rgs;gif;jpg;jpeg;jpe;resx;tiff;tif;png;wav;mfcribbon-ms</Extensions>
    </Filter>
    <Filter Include="头文件\Pattern">
      <UniqueIdentifier>{68ee8f75-6b5f-4317-aca1-43f489eaf970}</UniqueIdentifier>
    </Filter>
    <Filter Include="源文件\Pattern">
      <UniqueIdentifier>{f5c7adf4-91dd-4b9b-b7fd-bb29e9e47932}</UniqueIdentifier>
    </Filter>
    <Filter Include="头文件\Detector">
      <UniqueIdentifier>{d8abf155-1a1c-42af-a329-71bed4af564b}</UniqueIdentifier>
    </Filter>
    <Filter Include="源文件\Detector">
      <UniqueIdentifier>{3dda215c-d867-4f66-9786-445711f99a38}</UniqueIdentifier>
    </Filter>
    <Filter Include="头文件\_Internal">
      <UniqueIdentifier>{364e5162-062b-4b62-bbf8-4c2c3024f886}</UniqueIdentifier>
    </Filter>
    <Filter Include="源文件\_Internal">
      <UniqueIdentifier>{0096281a-d56a-452b-a574-7d178f6de6de}</UniqueIdentifier>
    </Filter>
  </ItemGroup>
  <ItemGroup>
    <ClInclude Include="global.h">
      <Filter>头文件</Filter>
    </ClInclude>
    <ClInclude Include="Charuco.h">
      <Filter>头文件\Pattern</Filter>
    </ClInclude>
    <ClInclude Include="GridPattern.h">
      <Filter>头文件\Pattern</Filter>
    </ClInclude>
    <ClInclude Include="Pattern.h">
      <Filter>头文件\Pattern</Filter>
    </ClInclude>
    <ClInclude Include="UniformGridPattern.h">
      <Filter>头文件\Pattern</Filter>
    </ClInclude>
    <ClInclude Include="Detector.h">
      <Filter>头文件\Detector</Filter>
    </ClInclude>
    <ClInclude Include="CharucoDetector.h">
      <Filter>头文件\Detector</Filter>
    </ClInclude>
    <ClInclude Include="LineGridDetector.h">
      <Filter>头文件\Detector</Filter>
    </ClInclude>
    <ClInclude Include="LineGrid.h">
      <Filter>头文件\Pattern</Filter>
    </ClInclude>
    <ClInclude Include="_Internal\LineGridDetector.h">
      <Filter>头文件\_Internal</Filter>
    </ClInclude>
    <ClInclude Include="_Internal\SegInfo.h">
      <Filter>头文件\_Internal</Filter>
    </ClInclude>
    <ClInclude Include="_Internal\LineSeq.h">
      <Filter>头文件\_Internal</Filter>
    </ClInclude>
    <ClInclude Include="_Internal\LineExtractor.h">
      <Filter>头文件\_Internal</Filter>
    </ClInclude>
    <ClInclude Include="_Internal\CrossPointExtractor.h">
      <Filter>头文件\_Internal</Filter>
    </ClInclude>
    <ClInclude Include="_Internal\Conn.h">
      <Filter>头文件\_Internal</Filter>
    </ClInclude>
    <ClInclude Include="_Internal\GridInfer.h">
      <Filter>头文件\_Internal</Filter>
    </ClInclude>
    <ClInclude Include="_Internal\LinePoint.h">
      <Filter>头文件\_Internal</Filter>
    </ClInclude>
    <ClInclude Include="_Internal\BlobDetector.h">
      <Filter>头文件\_Internal</Filter>
    </ClInclude>
  </ItemGroup>
  <ItemGroup>
    <ClCompile Include="GridPattern.cpp">
      <Filter>源文件\Pattern</Filter>
    </ClCompile>
    <ClCompile Include="UniformGridPattern.cpp">
      <Filter>源文件\Pattern</Filter>
    </ClCompile>
    <ClCompile Include="Charuco.cpp">
      <Filter>源文件\Pattern</Filter>
    </ClCompile>
    <ClCompile Include="CharucoDetector.cpp">
      <Filter>源文件\Detector</Filter>
    </ClCompile>
    <ClCompile Include="LineGridDetector.cpp">
      <Filter>源文件\Detector</Filter>
    </ClCompile>
    <ClCompile Include="LineGrid.cpp">
      <Filter>源文件\Pattern</Filter>
    </ClCompile>
    <ClCompile Include="_Internal\SegInfo.cpp">
      <Filter>源文件\_Internal</Filter>
    </ClCompile>
    <ClCompile Include="_Internal\LineExtractor.cpp">
      <Filter>源文件\_Internal</Filter>
    </ClCompile>
    <ClCompile Include="_Internal\CrossPointExtractor.cpp">
      <Filter>源文件\_Internal</Filter>
    </ClCompile>
    <ClCompile Include="_Internal\_LineGridDetector.cpp">
      <Filter>源文件\_Internal</Filter>
    </ClCompile>
    <ClCompile Include="_Internal\GridInfer.cpp">
      <Filter>源文件\_Internal</Filter>
    </ClCompile>
    <ClCompile Include="_Internal\BlobDetector.cpp">
      <Filter>源文件\_Internal</Filter>
    </ClCompile>
    <ClCompile Include="_Internal\LineSeq.cpp">
      <Filter>源文件\_Internal</Filter>
    </ClCompile>
  </ItemGroup>
</Project>